// !$*UTF8*$!
{
	archiveVersion = 1;
	classes = {
	};
	objectVersion = 51;
	objects = {

/* Begin PBXBuildFile section */
		D3991799EBD894CDC9E3AFCA /* Pods_Habit66.framework in Frameworks */ = {isa = PBXBuildFile; fileRef = CBD8A7D976B85DF460616B47 /* Pods_Habit66.framework */; };
		F25402A725AC12260086B8A6 /* ViewController.swift in Sources */ = {isa = PBXBuildFile; fileRef = F25402A625AC12260086B8A6 /* ViewController.swift */; };
		F25402AD25AC179D0086B8A6 /* createViewController.swift in Sources */ = {isa = PBXBuildFile; fileRef = F25402AC25AC179D0086B8A6 /* createViewController.swift */; };
		F25402B225AC54330086B8A6 /* outcomeViewController.swift in Sources */ = {isa = PBXBuildFile; fileRef = F25402B025AC54330086B8A6 /* outcomeViewController.swift */; };
		F25402B325AC54330086B8A6 /* outcomeViewController.xib in Resources */ = {isa = PBXBuildFile; fileRef = F25402B125AC54330086B8A6 /* outcomeViewController.xib */; };
		F25402B725AC54420086B8A6 /* obstacleViewController.swift in Sources */ = {isa = PBXBuildFile; fileRef = F25402B525AC54420086B8A6 /* obstacleViewController.swift */; };
		F25402B825AC54420086B8A6 /* obstacleViewController.xib in Resources */ = {isa = PBXBuildFile; fileRef = F25402B625AC54420086B8A6 /* obstacleViewController.xib */; };
		F25402BC25AC545A0086B8A6 /* planViewController.swift in Sources */ = {isa = PBXBuildFile; fileRef = F25402BA25AC545A0086B8A6 /* planViewController.swift */; };
		F25402BD25AC545A0086B8A6 /* planViewController.xib in Resources */ = {isa = PBXBuildFile; fileRef = F25402BB25AC545A0086B8A6 /* planViewController.xib */; };
		F25402C125AC55C20086B8A6 /* cheetViewController.swift in Sources */ = {isa = PBXBuildFile; fileRef = F25402BF25AC55C20086B8A6 /* cheetViewController.swift */; };
		F25402C225AC55C20086B8A6 /* cheetViewController.xib in Resources */ = {isa = PBXBuildFile; fileRef = F25402C025AC55C20086B8A6 /* cheetViewController.xib */; };
		F25402C625AC55F50086B8A6 /* doneViewController.swift in Sources */ = {isa = PBXBuildFile; fileRef = F25402C425AC55F50086B8A6 /* doneViewController.swift */; };
		F25402C725AC55F50086B8A6 /* doneViewController.xib in Resources */ = {isa = PBXBuildFile; fileRef = F25402C525AC55F50086B8A6 /* doneViewController.xib */; };
		F259108925B2BD620056CBCF /* User.swift in Sources */ = {isa = PBXBuildFile; fileRef = F259108825B2BD620056CBCF /* User.swift */; };
		F259109225B2D1CF0056CBCF /* UsersListViewController.swift in Sources */ = {isa = PBXBuildFile; fileRef = F259109125B2D1CF0056CBCF /* UsersListViewController.swift */; };
		F259109525B2D2750056CBCF /* UserEditViewController.swift in Sources */ = {isa = PBXBuildFile; fileRef = F259109425B2D2750056CBCF /* UserEditViewController.swift */; };
		F25910A625B3E8230056CBCF /* GoogleService-Info.plist in Resources */ = {isa = PBXBuildFile; fileRef = F25910A525B3E8230056CBCF /* GoogleService-Info.plist */; };
		F25910AC25B4ED740056CBCF /* Woop.swift in Sources */ = {isa = PBXBuildFile; fileRef = F25910AB25B4ED740056CBCF /* Woop.swift */; };
		F275920C25AADE6300FB82D3 /* mainViewController.swift in Sources */ = {isa = PBXBuildFile; fileRef = F275920B25AADE6300FB82D3 /* mainViewController.swift */; };
		F275921525AADFBD00FB82D3 /* detailViewController.swift in Sources */ = {isa = PBXBuildFile; fileRef = F275921425AADFBD00FB82D3 /* detailViewController.swift */; };
		F281037925B1019C0099F406 /* baseViewController.swift in Sources */ = {isa = PBXBuildFile; fileRef = F281037825B1019C0099F406 /* baseViewController.swift */; };
		F2E6EB662585E72600C4E326 /* AppDelegate.swift in Sources */ = {isa = PBXBuildFile; fileRef = F2E6EB652585E72600C4E326 /* AppDelegate.swift */; };
		F2E6EB682585E72600C4E326 /* SceneDelegate.swift in Sources */ = {isa = PBXBuildFile; fileRef = F2E6EB672585E72600C4E326 /* SceneDelegate.swift */; };
		F2E6EB6D2585E72600C4E326 /* Main.storyboard in Resources */ = {isa = PBXBuildFile; fileRef = F2E6EB6B2585E72600C4E326 /* Main.storyboard */; };
		F2E6EB6F2585E72A00C4E326 /* Assets.xcassets in Resources */ = {isa = PBXBuildFile; fileRef = F2E6EB6E2585E72A00C4E326 /* Assets.xcassets */; };
		F2E6EB722585E72A00C4E326 /* LaunchScreen.storyboard in Resources */ = {isa = PBXBuildFile; fileRef = F2E6EB702585E72A00C4E326 /* LaunchScreen.storyboard */; };
/* End PBXBuildFile section */

/* Begin PBXFileReference section */
		CBD8A7D976B85DF460616B47 /* Pods_Habit66.framework */ = {isa = PBXFileReference; explicitFileType = wrapper.framework; includeInIndex = 0; path = Pods_Habit66.framework; sourceTree = BUILT_PRODUCTS_DIR; };
		D889510F51A5ED0C7AAEA721 /* Pods-Habit66.debug.xcconfig */ = {isa = PBXFileReference; includeInIndex = 1; lastKnownFileType = text.xcconfig; name = "Pods-Habit66.debug.xcconfig"; path = "Target Support Files/Pods-Habit66/Pods-Habit66.debug.xcconfig"; sourceTree = "<group>"; };
		DFB1A7CB250EF3329703CA0F /* Pods-Habit66.release.xcconfig */ = {isa = PBXFileReference; includeInIndex = 1; lastKnownFileType = text.xcconfig; name = "Pods-Habit66.release.xcconfig"; path = "Target Support Files/Pods-Habit66/Pods-Habit66.release.xcconfig"; sourceTree = "<group>"; };
		F25402A625AC12260086B8A6 /* ViewController.swift */ = {isa = PBXFileReference; fileEncoding = 4; lastKnownFileType = sourcecode.swift; path = ViewController.swift; sourceTree = "<group>"; };
		F25402AC25AC179D0086B8A6 /* createViewController.swift */ = {isa = PBXFileReference; fileEncoding = 4; lastKnownFileType = sourcecode.swift; path = createViewController.swift; sourceTree = "<group>"; };
		F25402B025AC54330086B8A6 /* outcomeViewController.swift */ = {isa = PBXFileReference; lastKnownFileType = sourcecode.swift; path = outcomeViewController.swift; sourceTree = "<group>"; };
		F25402B125AC54330086B8A6 /* outcomeViewController.xib */ = {isa = PBXFileReference; lastKnownFileType = file.xib; path = outcomeViewController.xib; sourceTree = "<group>"; };
		F25402B525AC54420086B8A6 /* obstacleViewController.swift */ = {isa = PBXFileReference; lastKnownFileType = sourcecode.swift; path = obstacleViewController.swift; sourceTree = "<group>"; };
		F25402B625AC54420086B8A6 /* obstacleViewController.xib */ = {isa = PBXFileReference; lastKnownFileType = file.xib; path = obstacleViewController.xib; sourceTree = "<group>"; };
		F25402BA25AC545A0086B8A6 /* planViewController.swift */ = {isa = PBXFileReference; lastKnownFileType = sourcecode.swift; path = planViewController.swift; sourceTree = "<group>"; };
		F25402BB25AC545A0086B8A6 /* planViewController.xib */ = {isa = PBXFileReference; lastKnownFileType = file.xib; path = planViewController.xib; sourceTree = "<group>"; };
		F25402BF25AC55C20086B8A6 /* cheetViewController.swift */ = {isa = PBXFileReference; lastKnownFileType = sourcecode.swift; path = cheetViewController.swift; sourceTree = "<group>"; };
		F25402C025AC55C20086B8A6 /* cheetViewController.xib */ = {isa = PBXFileReference; lastKnownFileType = file.xib; path = cheetViewController.xib; sourceTree = "<group>"; };
		F25402C425AC55F50086B8A6 /* doneViewController.swift */ = {isa = PBXFileReference; lastKnownFileType = sourcecode.swift; path = doneViewController.swift; sourceTree = "<group>"; };
		F25402C525AC55F50086B8A6 /* doneViewController.xib */ = {isa = PBXFileReference; lastKnownFileType = file.xib; path = doneViewController.xib; sourceTree = "<group>"; };
		F259108825B2BD620056CBCF /* User.swift */ = {isa = PBXFileReference; lastKnownFileType = sourcecode.swift; path = User.swift; sourceTree = "<group>"; };
		F259109125B2D1CF0056CBCF /* UsersListViewController.swift */ = {isa = PBXFileReference; lastKnownFileType = sourcecode.swift; path = UsersListViewController.swift; sourceTree = "<group>"; };
		F259109425B2D2750056CBCF /* UserEditViewController.swift */ = {isa = PBXFileReference; lastKnownFileType = sourcecode.swift; path = UserEditViewController.swift; sourceTree = "<group>"; };
		F25910A525B3E8230056CBCF /* GoogleService-Info.plist */ = {isa = PBXFileReference; fileEncoding = 4; lastKnownFileType = text.plist.xml; path = "GoogleService-Info.plist"; sourceTree = "<group>"; };
		F25910AB25B4ED740056CBCF /* Woop.swift */ = {isa = PBXFileReference; lastKnownFileType = sourcecode.swift; path = Woop.swift; sourceTree = "<group>"; };
		F275920B25AADE6300FB82D3 /* mainViewController.swift */ = {isa = PBXFileReference; lastKnownFileType = sourcecode.swift; path = mainViewController.swift; sourceTree = "<group>"; };
		F275921425AADFBD00FB82D3 /* detailViewController.swift */ = {isa = PBXFileReference; lastKnownFileType = sourcecode.swift; path = detailViewController.swift; sourceTree = "<group>"; };
		F281037825B1019C0099F406 /* baseViewController.swift */ = {isa = PBXFileReference; lastKnownFileType = sourcecode.swift; path = baseViewController.swift; sourceTree = "<group>"; };
		F2E6EB622585E72600C4E326 /* Habit66.app */ = {isa = PBXFileReference; explicitFileType = wrapper.application; includeInIndex = 0; path = Habit66.app; sourceTree = BUILT_PRODUCTS_DIR; };
		F2E6EB652585E72600C4E326 /* AppDelegate.swift */ = {isa = PBXFileReference; lastKnownFileType = sourcecode.swift; path = AppDelegate.swift; sourceTree = "<group>"; };
		F2E6EB672585E72600C4E326 /* SceneDelegate.swift */ = {isa = PBXFileReference; lastKnownFileType = sourcecode.swift; path = SceneDelegate.swift; sourceTree = "<group>"; };
		F2E6EB6C2585E72600C4E326 /* Base */ = {isa = PBXFileReference; lastKnownFileType = file.storyboard; name = Base; path = Base.lproj/Main.storyboard; sourceTree = "<group>"; };
		F2E6EB6E2585E72A00C4E326 /* Assets.xcassets */ = {isa = PBXFileReference; lastKnownFileType = folder.assetcatalog; path = Assets.xcassets; sourceTree = "<group>"; };
		F2E6EB712585E72A00C4E326 /* Base */ = {isa = PBXFileReference; lastKnownFileType = file.storyboard; name = Base; path = Base.lproj/LaunchScreen.storyboard; sourceTree = "<group>"; };
		F2E6EB732585E72A00C4E326 /* Info.plist */ = {isa = PBXFileReference; lastKnownFileType = text.plist.xml; path = Info.plist; sourceTree = "<group>"; };
/* End PBXFileReference section */

/* Begin PBXFrameworksBuildPhase section */
		F2E6EB5F2585E72600C4E326 /* Frameworks */ = {
			isa = PBXFrameworksBuildPhase;
			buildActionMask = 2147483647;
			files = (
				D3991799EBD894CDC9E3AFCA /* Pods_Habit66.framework in Frameworks */,
			);
			runOnlyForDeploymentPostprocessing = 0;
		};
/* End PBXFrameworksBuildPhase section */

/* Begin PBXGroup section */
		7F1469FF8450CDB6470B56FA /* Frameworks */ = {
			isa = PBXGroup;
			children = (
				CBD8A7D976B85DF460616B47 /* Pods_Habit66.framework */,
			);
			name = Frameworks;
			sourceTree = "<group>";
		};
		F25402CD25AE571B0086B8A6 /* CreateNew */ = {
			isa = PBXGroup;
			children = (
				F25402AC25AC179D0086B8A6 /* createViewController.swift */,
				F25402B025AC54330086B8A6 /* outcomeViewController.swift */,
				F25402B525AC54420086B8A6 /* obstacleViewController.swift */,
				F25402BA25AC545A0086B8A6 /* planViewController.swift */,
				F25402BF25AC55C20086B8A6 /* cheetViewController.swift */,
				F25402BB25AC545A0086B8A6 /* planViewController.xib */,
				F25402B625AC54420086B8A6 /* obstacleViewController.xib */,
				F25402B125AC54330086B8A6 /* outcomeViewController.xib */,
				F25402A625AC12260086B8A6 /* ViewController.swift */,
				F25402C025AC55C20086B8A6 /* cheetViewController.xib */,
				F25402C425AC55F50086B8A6 /* doneViewController.swift */,
				F25402C525AC55F50086B8A6 /* doneViewController.xib */,
			);
			path = CreateNew;
			sourceTree = "<group>";
		};
		F2E6EB592585E72600C4E326 = {
			isa = PBXGroup;
			children = (
				F2E6EB642585E72600C4E326 /* Habit66 */,
				F2E6EB632585E72600C4E326 /* Products */,
				F6D348E93A1A826EB69C6D26 /* Pods */,
				7F1469FF8450CDB6470B56FA /* Frameworks */,
			);
			sourceTree = "<group>";
		};
		F2E6EB632585E72600C4E326 /* Products */ = {
			isa = PBXGroup;
			children = (
				F2E6EB622585E72600C4E326 /* Habit66.app */,
			);
			name = Products;
			sourceTree = "<group>";
		};
		F2E6EB642585E72600C4E326 /* Habit66 */ = {
			isa = PBXGroup;
			children = (
				F2E6EB8D2585EB0900C4E326 /* Model */,
				F2E6EB8E2585EB1700C4E326 /* View */,
				F2E6EB8F2585EB2000C4E326 /* Controller */,
				F2E6EB702585E72A00C4E326 /* LaunchScreen.storyboard */,
				F25910A525B3E8230056CBCF /* GoogleService-Info.plist */,
				F2E6EB732585E72A00C4E326 /* Info.plist */,
			);
			path = Habit66;
			sourceTree = "<group>";
		};
		F2E6EB8D2585EB0900C4E326 /* Model */ = {
			isa = PBXGroup;
			children = (
				F2E6EB652585E72600C4E326 /* AppDelegate.swift */,
				F2E6EB672585E72600C4E326 /* SceneDelegate.swift */,
				F259108825B2BD620056CBCF /* User.swift */,
				F25910AB25B4ED740056CBCF /* Woop.swift */,
			);
			path = Model;
			sourceTree = "<group>";
		};
		F2E6EB8E2585EB1700C4E326 /* View */ = {
			isa = PBXGroup;
			children = (
				F2E6EB6B2585E72600C4E326 /* Main.storyboard */,
				F2E6EB6E2585E72A00C4E326 /* Assets.xcassets */,
			);
			path = View;
			sourceTree = "<group>";
		};
		F2E6EB8F2585EB2000C4E326 /* Controller */ = {
			isa = PBXGroup;
			children = (
				F281037825B1019C0099F406 /* baseViewController.swift */,
				F25402CD25AE571B0086B8A6 /* CreateNew */,
				F275920B25AADE6300FB82D3 /* mainViewController.swift */,
				F275921425AADFBD00FB82D3 /* detailViewController.swift */,
				F259109125B2D1CF0056CBCF /* UsersListViewController.swift */,
				F259109425B2D2750056CBCF /* UserEditViewController.swift */,
			);
			path = Controller;
			sourceTree = "<group>";
		};
		F6D348E93A1A826EB69C6D26 /* Pods */ = {
			isa = PBXGroup;
			children = (
				D889510F51A5ED0C7AAEA721 /* Pods-Habit66.debug.xcconfig */,
				DFB1A7CB250EF3329703CA0F /* Pods-Habit66.release.xcconfig */,
			);
			path = Pods;
			sourceTree = "<group>";
		};
/* End PBXGroup section */

/* Begin PBXNativeTarget section */
		F2E6EB612585E72600C4E326 /* Habit66 */ = {
			isa = PBXNativeTarget;
			buildConfigurationList = F2E6EB762585E72A00C4E326 /* Build configuration list for PBXNativeTarget "Habit66" */;
			buildPhases = (
				C8A77FFE65EAE96F145115D4 /* [CP] Check Pods Manifest.lock */,
				F2E6EB5E2585E72600C4E326 /* Sources */,
				F2E6EB5F2585E72600C4E326 /* Frameworks */,
				F2E6EB602585E72600C4E326 /* Resources */,
				136352A20D137842F6A23B4A /* [CP] Embed Pods Frameworks */,
			);
			buildRules = (
			);
			dependencies = (
			);
			name = Habit66;
			productName = Habit66;
			productReference = F2E6EB622585E72600C4E326 /* Habit66.app */;
			productType = "com.apple.product-type.application";
		};
/* End PBXNativeTarget section */

/* Begin PBXProject section */
		F2E6EB5A2585E72600C4E326 /* Project object */ = {
			isa = PBXProject;
			attributes = {
				LastSwiftUpdateCheck = 1220;
				LastUpgradeCheck = 1220;
				TargetAttributes = {
					F2E6EB612585E72600C4E326 = {
						CreatedOnToolsVersion = 12.2;
					};
				};
			};
			buildConfigurationList = F2E6EB5D2585E72600C4E326 /* Build configuration list for PBXProject "Habit66" */;
			compatibilityVersion = "Xcode 9.3";
			developmentRegion = en;
			hasScannedForEncodings = 0;
			knownRegions = (
				en,
				Base,
			);
			mainGroup = F2E6EB592585E72600C4E326;
			productRefGroup = F2E6EB632585E72600C4E326 /* Products */;
			projectDirPath = "";
			projectRoot = "";
			targets = (
				F2E6EB612585E72600C4E326 /* Habit66 */,
			);
		};
/* End PBXProject section */

/* Begin PBXResourcesBuildPhase section */
		F2E6EB602585E72600C4E326 /* Resources */ = {
			isa = PBXResourcesBuildPhase;
			buildActionMask = 2147483647;
			files = (
				F25402B825AC54420086B8A6 /* obstacleViewController.xib in Resources */,
				F2E6EB722585E72A00C4E326 /* LaunchScreen.storyboard in Resources */,
				F25910A625B3E8230056CBCF /* GoogleService-Info.plist in Resources */,
				F25402B325AC54330086B8A6 /* outcomeViewController.xib in Resources */,
				F2E6EB6F2585E72A00C4E326 /* Assets.xcassets in Resources */,
				F25402C725AC55F50086B8A6 /* doneViewController.xib in Resources */,
				F2E6EB6D2585E72600C4E326 /* Main.storyboard in Resources */,
				F25402C225AC55C20086B8A6 /* cheetViewController.xib in Resources */,
				F25402BD25AC545A0086B8A6 /* planViewController.xib in Resources */,
			);
			runOnlyForDeploymentPostprocessing = 0;
		};
/* End PBXResourcesBuildPhase section */

/* Begin PBXShellScriptBuildPhase section */
		136352A20D137842F6A23B4A /* [CP] Embed Pods Frameworks */ = {
			isa = PBXShellScriptBuildPhase;
			buildActionMask = 2147483647;
			files = (
			);
			inputFileListPaths = (
				"${PODS_ROOT}/Target Support Files/Pods-Habit66/Pods-Habit66-frameworks-${CONFIGURATION}-input-files.xcfilelist",
			);
			name = "[CP] Embed Pods Frameworks";
			outputFileListPaths = (
				"${PODS_ROOT}/Target Support Files/Pods-Habit66/Pods-Habit66-frameworks-${CONFIGURATION}-output-files.xcfilelist",
			);
			runOnlyForDeploymentPostprocessing = 0;
			shellPath = /bin/sh;
			shellScript = "\"${PODS_ROOT}/Target Support Files/Pods-Habit66/Pods-Habit66-frameworks.sh\"\n";
			showEnvVarsInLog = 0;
		};
		C8A77FFE65EAE96F145115D4 /* [CP] Check Pods Manifest.lock */ = {
			isa = PBXShellScriptBuildPhase;
			buildActionMask = 2147483647;
			files = (
			);
			inputFileListPaths = (
			);
			inputPaths = (
				"${PODS_PODFILE_DIR_PATH}/Podfile.lock",
				"${PODS_ROOT}/Manifest.lock",
			);
			name = "[CP] Check Pods Manifest.lock";
			outputFileListPaths = (
			);
			outputPaths = (
				"$(DERIVED_FILE_DIR)/Pods-Habit66-checkManifestLockResult.txt",
			);
			runOnlyForDeploymentPostprocessing = 0;
			shellPath = /bin/sh;
			shellScript = "diff \"${PODS_PODFILE_DIR_PATH}/Podfile.lock\" \"${PODS_ROOT}/Manifest.lock\" > /dev/null\nif [ $? != 0 ] ; then\n    # print error to STDERR\n    echo \"error: The sandbox is not in sync with the Podfile.lock. Run 'pod install' or update your CocoaPods installation.\" >&2\n    exit 1\nfi\n# This output is used by Xcode 'outputs' to avoid re-running this script phase.\necho \"SUCCESS\" > \"${SCRIPT_OUTPUT_FILE_0}\"\n";
			showEnvVarsInLog = 0;
		};
/* End PBXShellScriptBuildPhase section */

/* Begin PBXSourcesBuildPhase section */
		F2E6EB5E2585E72600C4E326 /* Sources */ = {
			isa = PBXSourcesBuildPhase;
			buildActionMask = 2147483647;
			files = (
				F259109525B2D2750056CBCF /* UserEditViewController.swift in Sources */,
				F275920C25AADE6300FB82D3 /* mainViewController.swift in Sources */,
				F281037925B1019C0099F406 /* baseViewController.swift in Sources */,
				F2E6EB662585E72600C4E326 /* AppDelegate.swift in Sources */,
				F259109225B2D1CF0056CBCF /* UsersListViewController.swift in Sources */,
				F25402C125AC55C20086B8A6 /* cheetViewController.swift in Sources */,
				F2E6EB682585E72600C4E326 /* SceneDelegate.swift in Sources */,
				F25402C625AC55F50086B8A6 /* doneViewController.swift in Sources */,
				F25402B725AC54420086B8A6 /* obstacleViewController.swift in Sources */,
				F25402BC25AC545A0086B8A6 /* planViewController.swift in Sources */,
				F25910AC25B4ED740056CBCF /* Woop.swift in Sources */,
				F25402B225AC54330086B8A6 /* outcomeViewController.swift in Sources */,
				F259108925B2BD620056CBCF /* User.swift in Sources */,
				F25402A725AC12260086B8A6 /* ViewController.swift in Sources */,
				F25402AD25AC179D0086B8A6 /* createViewController.swift in Sources */,
				F275921525AADFBD00FB82D3 /* detailViewController.swift in Sources */,
			);
			runOnlyForDeploymentPostprocessing = 0;
		};
/* End PBXSourcesBuildPhase section */

/* Begin PBXVariantGroup section */
		F2E6EB6B2585E72600C4E326 /* Main.storyboard */ = {
			isa = PBXVariantGroup;
			children = (
				F2E6EB6C2585E72600C4E326 /* Base */,
			);
			name = Main.storyboard;
			sourceTree = "<group>";
		};
		F2E6EB702585E72A00C4E326 /* LaunchScreen.storyboard */ = {
			isa = PBXVariantGroup;
			children = (
				F2E6EB712585E72A00C4E326 /* Base */,
			);
			name = LaunchScreen.storyboard;
			sourceTree = "<group>";
		};
/* End PBXVariantGroup section */

/* Begin XCBuildConfiguration section */
		F2E6EB742585E72A00C4E326 /* Debug */ = {
			isa = XCBuildConfiguration;
			buildSettings = {
				ALWAYS_SEARCH_USER_PATHS = NO;
				CLANG_ANALYZER_NONNULL = YES;
				CLANG_ANALYZER_NUMBER_OBJECT_CONVERSION = YES_AGGRESSIVE;
				CLANG_CXX_LANGUAGE_STANDARD = "gnu++14";
				CLANG_CXX_LIBRARY = "libc++";
				CLANG_ENABLE_MODULES = YES;
				CLANG_ENABLE_OBJC_ARC = YES;
				CLANG_ENABLE_OBJC_WEAK = YES;
				CLANG_WARN_BLOCK_CAPTURE_AUTORELEASING = YES;
				CLANG_WARN_BOOL_CONVERSION = YES;
				CLANG_WARN_COMMA = YES;
				CLANG_WARN_CONSTANT_CONVERSION = YES;
				CLANG_WARN_DEPRECATED_OBJC_IMPLEMENTATIONS = YES;
				CLANG_WARN_DIRECT_OBJC_ISA_USAGE = YES_ERROR;
				CLANG_WARN_DOCUMENTATION_COMMENTS = YES;
				CLANG_WARN_EMPTY_BODY = YES;
				CLANG_WARN_ENUM_CONVERSION = YES;
				CLANG_WARN_INFINITE_RECURSION = YES;
				CLANG_WARN_INT_CONVERSION = YES;
				CLANG_WARN_NON_LITERAL_NULL_CONVERSION = YES;
				CLANG_WARN_OBJC_IMPLICIT_RETAIN_SELF = YES;
				CLANG_WARN_OBJC_LITERAL_CONVERSION = YES;
				CLANG_WARN_OBJC_ROOT_CLASS = YES_ERROR;
				CLANG_WARN_QUOTED_INCLUDE_IN_FRAMEWORK_HEADER = YES;
				CLANG_WARN_RANGE_LOOP_ANALYSIS = YES;
				CLANG_WARN_STRICT_PROTOTYPES = YES;
				CLANG_WARN_SUSPICIOUS_MOVE = YES;
				CLANG_WARN_UNGUARDED_AVAILABILITY = YES_AGGRESSIVE;
				CLANG_WARN_UNREACHABLE_CODE = YES;
				CLANG_WARN__DUPLICATE_METHOD_MATCH = YES;
				COPY_PHASE_STRIP = NO;
				DEBUG_INFORMATION_FORMAT = dwarf;
				ENABLE_STRICT_OBJC_MSGSEND = YES;
				ENABLE_TESTABILITY = YES;
				GCC_C_LANGUAGE_STANDARD = gnu11;
				GCC_DYNAMIC_NO_PIC = NO;
				GCC_NO_COMMON_BLOCKS = YES;
				GCC_OPTIMIZATION_LEVEL = 0;
				GCC_PREPROCESSOR_DEFINITIONS = (
					"DEBUG=1",
					"$(inherited)",
				);
				GCC_WARN_64_TO_32_BIT_CONVERSION = YES;
				GCC_WARN_ABOUT_RETURN_TYPE = YES_ERROR;
				GCC_WARN_UNDECLARED_SELECTOR = YES;
				GCC_WARN_UNINITIALIZED_AUTOS = YES_AGGRESSIVE;
				GCC_WARN_UNUSED_FUNCTION = YES;
				GCC_WARN_UNUSED_VARIABLE = YES;
				IPHONEOS_DEPLOYMENT_TARGET = 14.2;
				MTL_ENABLE_DEBUG_INFO = INCLUDE_SOURCE;
				MTL_FAST_MATH = YES;
				ONLY_ACTIVE_ARCH = YES;
				SDKROOT = iphoneos;
				SWIFT_ACTIVE_COMPILATION_CONDITIONS = DEBUG;
				SWIFT_OPTIMIZATION_LEVEL = "-Onone";
			};
			name = Debug;
		};
		F2E6EB752585E72A00C4E326 /* Release */ = {
			isa = XCBuildConfiguration;
			buildSettings = {
				ALWAYS_SEARCH_USER_PATHS = NO;
				CLANG_ANALYZER_NONNULL = YES;
				CLANG_ANALYZER_NUMBER_OBJECT_CONVERSION = YES_AGGRESSIVE;
				CLANG_CXX_LANGUAGE_STANDARD = "gnu++14";
				CLANG_CXX_LIBRARY = "libc++";
				CLANG_ENABLE_MODULES = YES;
				CLANG_ENABLE_OBJC_ARC = YES;
				CLANG_ENABLE_OBJC_WEAK = YES;
				CLANG_WARN_BLOCK_CAPTURE_AUTORELEASING = YES;
				CLANG_WARN_BOOL_CONVERSION = YES;
				CLANG_WARN_COMMA = YES;
				CLANG_WARN_CONSTANT_CONVERSION = YES;
				CLANG_WARN_DEPRECATED_OBJC_IMPLEMENTATIONS = YES;
				CLANG_WARN_DIRECT_OBJC_ISA_USAGE = YES_ERROR;
				CLANG_WARN_DOCUMENTATION_COMMENTS = YES;
				CLANG_WARN_EMPTY_BODY = YES;
				CLANG_WARN_ENUM_CONVERSION = YES;
				CLANG_WARN_INFINITE_RECURSION = YES;
				CLANG_WARN_INT_CONVERSION = YES;
				CLANG_WARN_NON_LITERAL_NULL_CONVERSION = YES;
				CLANG_WARN_OBJC_IMPLICIT_RETAIN_SELF = YES;
				CLANG_WARN_OBJC_LITERAL_CONVERSION = YES;
				CLANG_WARN_OBJC_ROOT_CLASS = YES_ERROR;
				CLANG_WARN_QUOTED_INCLUDE_IN_FRAMEWORK_HEADER = YES;
				CLANG_WARN_RANGE_LOOP_ANALYSIS = YES;
				CLANG_WARN_STRICT_PROTOTYPES = YES;
				CLANG_WARN_SUSPICIOUS_MOVE = YES;
				CLANG_WARN_UNGUARDED_AVAILABILITY = YES_AGGRESSIVE;
				CLANG_WARN_UNREACHABLE_CODE = YES;
				CLANG_WARN__DUPLICATE_METHOD_MATCH = YES;
				COPY_PHASE_STRIP = NO;
				DEBUG_INFORMATION_FORMAT = "dwarf-with-dsym";
				ENABLE_NS_ASSERTIONS = NO;
				ENABLE_STRICT_OBJC_MSGSEND = YES;
				GCC_C_LANGUAGE_STANDARD = gnu11;
				GCC_NO_COMMON_BLOCKS = YES;
				GCC_WARN_64_TO_32_BIT_CONVERSION = YES;
				GCC_WARN_ABOUT_RETURN_TYPE = YES_ERROR;
				GCC_WARN_UNDECLARED_SELECTOR = YES;
				GCC_WARN_UNINITIALIZED_AUTOS = YES_AGGRESSIVE;
				GCC_WARN_UNUSED_FUNCTION = YES;
				GCC_WARN_UNUSED_VARIABLE = YES;
				IPHONEOS_DEPLOYMENT_TARGET = 14.2;
				MTL_ENABLE_DEBUG_INFO = NO;
				MTL_FAST_MATH = YES;
				SDKROOT = iphoneos;
				SWIFT_COMPILATION_MODE = wholemodule;
				SWIFT_OPTIMIZATION_LEVEL = "-O";
				VALIDATE_PRODUCT = YES;
			};
			name = Release;
		};
		F2E6EB772585E72A00C4E326 /* Debug */ = {
			isa = XCBuildConfiguration;
			baseConfigurationReference = D889510F51A5ED0C7AAEA721 /* Pods-Habit66.debug.xcconfig */;
			buildSettings = {
				ASSETCATALOG_COMPILER_APPICON_NAME = AppIcon;
				ASSETCATALOG_COMPILER_GLOBAL_ACCENT_COLOR_NAME = AccentColor;
				CODE_SIGN_STYLE = Automatic;
				DEVELOPMENT_TEAM = 69MAR4S32D;
				INFOPLIST_FILE = Habit66/Info.plist;
				LD_RUNPATH_SEARCH_PATHS = (
					"$(inherited)",
					"@executable_path/Frameworks",
				);
				PRODUCT_BUNDLE_IDENTIFIER = UserName.Habit66;
				PRODUCT_NAME = "$(TARGET_NAME)";
				SWIFT_VERSION = 5.0;
				TARGETED_DEVICE_FAMILY = 1;
			};
			name = Debug;
		};
		F2E6EB782585E72A00C4E326 /* Release */ = {
			isa = XCBuildConfiguration;
			baseConfigurationReference = DFB1A7CB250EF3329703CA0F /* Pods-Habit66.release.xcconfig */;
			buildSettings = {
				ASSETCATALOG_COMPILER_APPICON_NAME = AppIcon;
				ASSETCATALOG_COMPILER_GLOBAL_ACCENT_COLOR_NAME = AccentColor;
				CODE_SIGN_STYLE = Automatic;
				DEVELOPMENT_TEAM = 69MAR4S32D;
				INFOPLIST_FILE = Habit66/Info.plist;
				LD_RUNPATH_SEARCH_PATHS = (
					"$(inherited)",
					"@executable_path/Frameworks",
				);
				PRODUCT_BUNDLE_IDENTIFIER = UserName.Habit66;
				PRODUCT_NAME = "$(TARGET_NAME)";
				SWIFT_VERSION = 5.0;
				TARGETED_DEVICE_FAMILY = 1;
			};
			name = Release;
		};
/* End XCBuildConfiguration section */

/* Begin XCConfigurationList section */
		F2E6EB5D2585E72600C4E326 /* Build configuration list for PBXProject "Habit66" */ = {
			isa = XCConfigurationList;
			buildConfigurations = (
				F2E6EB742585E72A00C4E326 /* Debug */,
				F2E6EB752585E72A00C4E326 /* Release */,
			);
			defaultConfigurationIsVisible = 0;
			defaultConfigurationName = Release;
		};
		F2E6EB762585E72A00C4E326 /* Build configuration list for PBXNativeTarget "Habit66" */ = {
			isa = XCConfigurationList;
			buildConfigurations = (
				F2E6EB772585E72A00C4E326 /* Debug */,
				F2E6EB782585E72A00C4E326 /* Release */,
			);
			defaultConfigurationIsVisible = 0;
			defaultConfigurationName = Release;
		};
/* End XCConfigurationList section */
	};
	rootObject = F2E6EB5A2585E72600C4E326 /* Project object */;
}
